
Microsoft Visual Studio Solution File, Format Version 12.00
# Visual Studio 2015
Project("{FAE04EC0-301F-11D3-BF4B-00C04F79EFBC}") = "GDD2_SpaceGame.CSharp.Plugins", "GDD2_SpaceGame.CSharp.Plugins.csproj", "{F853A053-F79F-CC7E-3518-9ADB25FBA4EE}"
EndProject
Project("{FAE04EC0-301F-11D3-BF4B-00C04F79EFBC}") = "GDD2_SpaceGame.CSharp", "GDD2_SpaceGame.CSharp.csproj", "{64568BB8-2991-CC02-C7B1-023947068FCE}"
EndProject
Project("{FAE04EC0-301F-11D3-BF4B-00C04F79EFBC}") = "GDD2_SpaceGame.CSharp.Editor", "GDD2_SpaceGame.CSharp.Editor.csproj", "{DE9D9A8F-0D65-4C89-FD3C-59E5C413D2CC}"
EndProject
Global
	GlobalSection(SolutionConfigurationPlatforms) = preSolution
		Debug|Any CPU = Debug|Any CPU
		Release|Any CPU = Release|Any CPU
	EndGlobalSection
	GlobalSection(ProjectConfigurationPlatforms) = postSolution
		{F853A053-F79F-CC7E-3518-9ADB25FBA4EE}.Debug|Any CPU.ActiveCfg = Debug|Any CPU
		{F853A053-F79F-CC7E-3518-9ADB25FBA4EE}.Debug|Any CPU.Build.0 = Debug|Any CPU
		{F853A053-F79F-CC7E-3518-9ADB25FBA4EE}.Release|Any CPU.ActiveCfg = Release|Any CPU
		{F853A053-F79F-CC7E-3518-9ADB25FBA4EE}.Release|Any CPU.Build.0 = Release|Any CPU
		{64568BB8-2991-CC02-C7B1-023947068FCE}.Debug|Any CPU.ActiveCfg = Debug|Any CPU
		{64568BB8-2991-CC02-C7B1-023947068FCE}.Debug|Any CPU.Build.0 = Debug|Any CPU
		{64568BB8-2991-CC02-C7B1-023947068FCE}.Release|Any CPU.ActiveCfg = Release|Any CPU
		{64568BB8-2991-CC02-C7B1-023947068FCE}.Release|Any CPU.Build.0 = Release|Any CPU
		{DE9D9A8F-0D65-4C89-FD3C-59E5C413D2CC}.Debug|Any CPU.ActiveCfg = Debug|Any CPU
		{DE9D9A8F-0D65-4C89-FD3C-59E5C413D2CC}.Debug|Any CPU.Build.0 = Debug|Any CPU
		{DE9D9A8F-0D65-4C89-FD3C-59E5C413D2CC}.Release|Any CPU.ActiveCfg = Release|Any CPU
		{DE9D9A8F-0D65-4C89-FD3C-59E5C413D2CC}.Release|Any CPU.Build.0 = Release|Any CPU
	EndGlobalSection
	GlobalSection(SolutionProperties) = preSolution
		HideSolutionNode = FALSE
	EndGlobalSection
EndGlobal
